// !$*UTF8*$!
{
	archiveVersion = 1;
	classes = {
	};
	objectVersion = 46;
	objects = {

/* Begin PBXBuildFile section */
		BD229D1715D6584800F6C838 /* Kirche_288.jpg in Resources */ = {isa = PBXBuildFile; fileRef = BD229D1615D6584800F6C838 /* Kirche_288.jpg */; };
		BD229D1B15D6A5DC00F6C838 /* rechtsicon.png in Resources */ = {isa = PBXBuildFile; fileRef = BD229D1A15D6A5DC00F6C838 /* rechtsicon.png */; };
		BD229D1D15D6AB4500F6C838 /* homeicon.png in Resources */ = {isa = PBXBuildFile; fileRef = BD229D1C15D6AB4500F6C838 /* homeicon.png */; };
		BD229D1F15D6AB5A00F6C838 /* officon.png in Resources */ = {isa = PBXBuildFile; fileRef = BD229D1E15D6AB5A00F6C838 /* officon.png */; };
		BD229D2115D6AB6A00F6C838 /* pauseicon.png in Resources */ = {isa = PBXBuildFile; fileRef = BD229D2015D6AB6A00F6C838 /* pauseicon.png */; };
		BD229D2315D6ABA800F6C838 /* backtostarticon.png in Resources */ = {isa = PBXBuildFile; fileRef = BD229D2215D6ABA700F6C838 /* backtostarticon.png */; };
		BD229D2515D6AC8700F6C838 /* playicon.png in Resources */ = {isa = PBXBuildFile; fileRef = BD229D2415D6AC8700F6C838 /* playicon.png */; };
		BD81E48A15DFAFB3002DA77C /* choricon.icns in Resources */ = {isa = PBXBuildFile; fileRef = BD81E48915DFAFB3002DA77C /* choricon.icns */; };
		BD85FF1115DA8C40002C2FB1 /* kalender.gif in Resources */ = {isa = PBXBuildFile; fileRef = BD85FF1015DA8C40002C2FB1 /* kalender.gif */; };
		BD85FF1315DA9224002C2FB1 /* kalender_hg.psd in Resources */ = {isa = PBXBuildFile; fileRef = BD85FF1215DA9224002C2FB1 /* kalender_hg.psd */; };
		BD85FF1515DA923B002C2FB1 /* kalender.psd in Resources */ = {isa = PBXBuildFile; fileRef = BD85FF1415DA923B002C2FB1 /* kalender.psd */; };
		BD85FF1715DA9366002C2FB1 /* kalender_hg.png in Resources */ = {isa = PBXBuildFile; fileRef = BD85FF1615DA9366002C2FB1 /* kalender_hg.png */; };
		BD85FF1D15DAA3D2002C2FB1 /* 001.006.001.001.Magnifikat.mp3 in Resources */ = {isa = PBXBuildFile; fileRef = BD85FF1C15DAA3D2002C2FB1 /* 001.006.001.001.Magnifikat.mp3 */; };
		BD85FF2215DAA3EC002C2FB1 /* 003.005.001.001.Purcell.jpg in Resources */ = {isa = PBXBuildFile; fileRef = BD85FF1F15DAA3EC002C2FB1 /* 003.005.001.001.Purcell.jpg */; };
		BD85FF2315DAA3EC002C2FB1 /* 003.007.005.001.Britten.jpg in Resources */ = {isa = PBXBuildFile; fileRef = BD85FF2015DAA3EC002C2FB1 /* 003.007.005.001.Britten.jpg */; };
		BD85FF2415DAA3EC002C2FB1 /* 003.008.001.001.Charpentier.jpg in Resources */ = {isa = PBXBuildFile; fileRef = BD85FF2115DAA3EC002C2FB1 /* 003.008.001.001.Charpentier.jpg */; };
		BD85FF2915DAA400002C2FB1 /* 002.005.001.001.H.Purcell.jpg in Resources */ = {isa = PBXBuildFile; fileRef = BD85FF2515DAA400002C2FB1 /* 002.005.001.001.H.Purcell.jpg */; };
		BD85FF2B15DAA400002C2FB1 /* 002.007.005.001.B.Britten.jpg in Resources */ = {isa = PBXBuildFile; fileRef = BD85FF2715DAA400002C2FB1 /* 002.007.005.001.B.Britten.jpg */; };
		BD85FF2C15DAA400002C2FB1 /* 002.008.002.001.M.A.Charpentier.jpg in Resources */ = {isa = PBXBuildFile; fileRef = BD85FF2815DAA400002C2FB1 /* 002.008.002.001.M.A.Charpentier.jpg */; };
		BD85FF2E15DAA4CE002C2FB1 /* 003.006.001.001.Schütz.jpg in Resources */ = {isa = PBXBuildFile; fileRef = BD85FF2D15DAA4CE002C2FB1 /* 003.006.001.001.Schütz.jpg */; };
		BD932A2C15D5059B0057449D /* fragen.txt in Resources */ = {isa = PBXBuildFile; fileRef = BD932A2B15D5059B0057449D /* fragen.txt */; };
		BDAD56C215E7EFBD0032C5C0 /* 002.011.001.001.G.Machaut.jpg in Resources */ = {isa = PBXBuildFile; fileRef = BDAD56C115E7EFBD0032C5C0 /* 002.011.001.001.G.Machaut.jpg */; };
		BDAF25B015DD45B600FC1305 /* 004.004.004.001.Romantik.jpg in Resources */ = {isa = PBXBuildFile; fileRef = BDAF25AF15DD45B600FC1305 /* 004.004.004.001.Romantik.jpg */; };
		BDAF25B215DD476900FC1305 /* 002.006.001.001.H.Schütz.jpg in Resources */ = {isa = PBXBuildFile; fileRef = BDAF25B115DD476900FC1305 /* 002.006.001.001.H.Schütz.jpg */; };
		BDAF25C815DF81EC00FC1305 /* rTastenMatrix.m in Sources */ = {isa = PBXBuildFile; fileRef = BDAF25C715DF81EC00FC1305 /* rTastenMatrix.m */; };
		BDB54FCB15CEDB05000EAC22 /* QTKit.framework in Frameworks */ = {isa = PBXBuildFile; fileRef = BDB54FCA15CEDB05000EAC22 /* QTKit.framework */; };
		BDB54FDB15CEDEAD000EAC22 /* 001.001.002.001.Courante.m4a in Resources */ = {isa = PBXBuildFile; fileRef = BDB54FD815CEDEAD000EAC22 /* 001.001.002.001.Courante.m4a */; };
		BDB54FDC15CEDEAD000EAC22 /* 001.001.002.001.Courante.m4a in Resources */ = {isa = PBXBuildFile; fileRef = BDB54FD815CEDEAD000EAC22 /* 001.001.002.001.Courante.m4a */; };
		BDB54FDD15CEDEAD000EAC22 /* 001.002.003.001.Allegro.m4a in Resources */ = {isa = PBXBuildFile; fileRef = BDB54FD915CEDEAD000EAC22 /* 001.002.003.001.Allegro.m4a */; };
		BDB54FDE15CEDEAD000EAC22 /* 001.002.003.001.Allegro.m4a in Resources */ = {isa = PBXBuildFile; fileRef = BDB54FD915CEDEAD000EAC22 /* 001.002.003.001.Allegro.m4a */; };
		BDB54FE515CEDEBA000EAC22 /* 003.001.002.001.Bach.jpg in Resources */ = {isa = PBXBuildFile; fileRef = BDB54FE215CEDEBA000EAC22 /* 003.001.002.001.Bach.jpg */; };
		BDB54FE615CEDEBA000EAC22 /* 003.001.002.001.Bach.jpg in Resources */ = {isa = PBXBuildFile; fileRef = BDB54FE215CEDEBA000EAC22 /* 003.001.002.001.Bach.jpg */; };
		BDB54FE715CEDEBA000EAC22 /* 003.002.003.001.Mozart.jpg in Resources */ = {isa = PBXBuildFile; fileRef = BDB54FE315CEDEBA000EAC22 /* 003.002.003.001.Mozart.jpg */; };
		BDB54FE815CEDEBA000EAC22 /* 003.002.003.001.Mozart.jpg in Resources */ = {isa = PBXBuildFile; fileRef = BDB54FE315CEDEBA000EAC22 /* 003.002.003.001.Mozart.jpg */; };
		BDB54FE915CEDEBA000EAC22 /* 003.003.004.001.Paganini.jpg in Resources */ = {isa = PBXBuildFile; fileRef = BDB54FE415CEDEBA000EAC22 /* 003.003.004.001.Paganini.jpg */; };
		BDB54FEA15CEDEBA000EAC22 /* 003.003.004.001.Paganini.jpg in Resources */ = {isa = PBXBuildFile; fileRef = BDB54FE415CEDEBA000EAC22 /* 003.003.004.001.Paganini.jpg */; };
		BDB54FED15CEE917000EAC22 /* Eingang.jpg in Resources */ = {isa = PBXBuildFile; fileRef = BDB54FEB15CEE917000EAC22 /* Eingang.jpg */; };
		BDB54FEE15CEE917000EAC22 /* Eingang.jpg in Resources */ = {isa = PBXBuildFile; fileRef = BDB54FEB15CEE917000EAC22 /* Eingang.jpg */; };
		BDB54FEF15CEE917000EAC22 /* Kirche.jpg in Resources */ = {isa = PBXBuildFile; fileRef = BDB54FEC15CEE917000EAC22 /* Kirche.jpg */; };
		BDB54FF015CEE917000EAC22 /* Kirche.jpg in Resources */ = {isa = PBXBuildFile; fileRef = BDB54FEC15CEE917000EAC22 /* Kirche.jpg */; };
		BDB54FF515CEF01A000EAC22 /* 001.003.004.001.Capricio.mp3 in Resources */ = {isa = PBXBuildFile; fileRef = BDB54FF415CEF01A000EAC22 /* 001.003.004.001.Capricio.mp3 */; };
		BDB54FF615CEF01A000EAC22 /* 001.003.004.001.Capricio.mp3 in Resources */ = {isa = PBXBuildFile; fileRef = BDB54FF415CEF01A000EAC22 /* 001.003.004.001.Capricio.mp3 */; };
		BDB5502815D02639000EAC22 /* 002.001.002.001.Joh.Seb.Bach.jpg in Resources */ = {isa = PBXBuildFile; fileRef = BDB5502215D02639000EAC22 /* 002.001.002.001.Joh.Seb.Bach.jpg */; };
		BDB5502915D02639000EAC22 /* 002.002.003.001.W.A.Mozart.jpg in Resources */ = {isa = PBXBuildFile; fileRef = BDB5502315D02639000EAC22 /* 002.002.003.001.W.A.Mozart.jpg */; };
		BDB5502A15D02639000EAC22 /* 002.003.004.001.N.Paganini.jpg in Resources */ = {isa = PBXBuildFile; fileRef = BDB5502415D02639000EAC22 /* 002.003.004.001.N.Paganini.jpg */; };
		BDB64D9A15E002F60006F57F /* rSettingsWindowController.m in Sources */ = {isa = PBXBuildFile; fileRef = BDB64D9815E002F60006F57F /* rSettingsWindowController.m */; };
		BDB64D9B15E002F60006F57F /* Settings.xib in Resources */ = {isa = PBXBuildFile; fileRef = BDB64D9915E002F60006F57F /* Settings.xib */; };
		BDB64D9D15E004570006F57F /* Ergebnis.xib in Resources */ = {isa = PBXBuildFile; fileRef = BDB64D9C15E004570006F57F /* Ergebnis.xib */; };
		BDB64DA015E004650006F57F /* rErgebnisWindowController.m in Sources */ = {isa = PBXBuildFile; fileRef = BDB64D9F15E004650006F57F /* rErgebnisWindowController.m */; };
		BDB64DAF15E106C50006F57F /* deleteicon.png in Resources */ = {isa = PBXBuildFile; fileRef = BDB64DAE15E106C50006F57F /* deleteicon.png */; };
		BDB64DB115E106D30006F57F /* erroricon.png in Resources */ = {isa = PBXBuildFile; fileRef = BDB64DB015E106D30006F57F /* erroricon.png */; };
		BDB64DB315E109210006F57F /* checkicon.png in Resources */ = {isa = PBXBuildFile; fileRef = BDB64DB215E109210006F57F /* checkicon.png */; };
		BDC3B0E615CECFE6000B8B8E /* Cocoa.framework in Frameworks */ = {isa = PBXBuildFile; fileRef = BDC3B0E515CECFE6000B8B8E /* Cocoa.framework */; };
		BDC3B0F015CECFE6000B8B8E /* InfoPlist.strings in Resources */ = {isa = PBXBuildFile; fileRef = BDC3B0EE15CECFE6000B8B8E /* InfoPlist.strings */; };
		BDC3B0F215CECFE6000B8B8E /* main.m in Sources */ = {isa = PBXBuildFile; fileRef = BDC3B0F115CECFE6000B8B8E /* main.m */; };
		BDC3B0F615CECFE6000B8B8E /* Credits.rtf in Resources */ = {isa = PBXBuildFile; fileRef = BDC3B0F415CECFE6000B8B8E /* Credits.rtf */; };
		BDC3B0F915CECFE7000B8B8E /* AppDelegate.m in Sources */ = {isa = PBXBuildFile; fileRef = BDC3B0F815CECFE7000B8B8E /* AppDelegate.m */; };
		BDC3B0FC15CECFE7000B8B8E /* MainMenu.xib in Resources */ = {isa = PBXBuildFile; fileRef = BDC3B0FA15CECFE7000B8B8E /* MainMenu.xib */; };
		BDC3B0FF15CECFE7000B8B8E /* Quiz.xcdatamodeld in Sources */ = {isa = PBXBuildFile; fileRef = BDC3B0FD15CECFE7000B8B8E /* Quiz.xcdatamodeld */; };
		BDC3B10715CECFE7000B8B8E /* SenTestingKit.framework in Frameworks */ = {isa = PBXBuildFile; fileRef = BDC3B10615CECFE7000B8B8E /* SenTestingKit.framework */; };
		BDC3B10815CECFE7000B8B8E /* Cocoa.framework in Frameworks */ = {isa = PBXBuildFile; fileRef = BDC3B0E515CECFE6000B8B8E /* Cocoa.framework */; };
		BDC3B11015CECFE7000B8B8E /* InfoPlist.strings in Resources */ = {isa = PBXBuildFile; fileRef = BDC3B10E15CECFE7000B8B8E /* InfoPlist.strings */; };
		BDC3B11315CECFE7000B8B8E /* QuizTests.m in Sources */ = {isa = PBXBuildFile; fileRef = BDC3B11215CECFE7000B8B8E /* QuizTests.m */; };
		BDE9B89F15D6BB9A006CED5C /* 004.001.001.001.Renaissance.jpg in Resources */ = {isa = PBXBuildFile; fileRef = BDE9B89A15D6BB9A006CED5C /* 004.001.001.001.Renaissance.jpg */; };
		BDE9B8A015D6BB9A006CED5C /* 004.002.002.001.Barock.jpg in Resources */ = {isa = PBXBuildFile; fileRef = BDE9B89B15D6BB9A006CED5C /* 004.002.002.001.Barock.jpg */; };
		BDE9B8A115D6BB9A006CED5C /* 004.003.003.001.Klassik.jpg in Resources */ = {isa = PBXBuildFile; fileRef = BDE9B89C15D6BB9A006CED5C /* 004.003.003.001.Klassik.jpg */; };
		BDE9B8A315D6BB9A006CED5C /* 004.005.005.001.Moderne.jpg in Resources */ = {isa = PBXBuildFile; fileRef = BDE9B89E15D6BB9A006CED5C /* 004.005.005.001.Moderne.jpg */; };
		BDE9B8A815D77F8E006CED5C /* blankicon.png in Resources */ = {isa = PBXBuildFile; fileRef = BDE9B8A715D77F8E006CED5C /* blankicon.png */; };
		BDE9B8AA15D77FED006CED5C /* okicon.png in Resources */ = {isa = PBXBuildFile; fileRef = BDE9B8A915D77FED006CED5C /* okicon.png */; };
		BDE9B8AD15D78EAB006CED5C /* rRadioMatrix.m in Sources */ = {isa = PBXBuildFile; fileRef = BDE9B8AC15D78EAB006CED5C /* rRadioMatrix.m */; };
		BDE9B8AF15D79D54006CED5C /* knopficon.png in Resources */ = {isa = PBXBuildFile; fileRef = BDE9B8AE15D79D54006CED5C /* knopficon.png */; };
		BDE9B8B115D7E846006CED5C /* komponieren.jpg in Resources */ = {isa = PBXBuildFile; fileRef = BDE9B8B015D7E846006CED5C /* komponieren.jpg */; };
		BDE9B8B315D7F3D2006CED5C /* 001.004.004.001.Sonata.mp3 in Resources */ = {isa = PBXBuildFile; fileRef = BDE9B8B215D7F3D2006CED5C /* 001.004.004.001.Sonata.mp3 */; };
		BDE9B8B515D7F3DE006CED5C /* 002.004.004.001.F.Schubert.jpg in Resources */ = {isa = PBXBuildFile; fileRef = BDE9B8B415D7F3DE006CED5C /* 002.004.004.001.F.Schubert.jpg */; };
		BDE9B8B715D7F4AC006CED5C /* 003.004.004.001.Schubert.jpg in Resources */ = {isa = PBXBuildFile; fileRef = BDE9B8B615D7F4AC006CED5C /* 003.004.004.001.Schubert.jpg */; };
		BDE9B8B915D7FAD2006CED5C /* linkssicon.png in Resources */ = {isa = PBXBuildFile; fileRef = BDE9B8B815D7FAD2006CED5C /* linkssicon.png */; };
		BDE9B8CD15D979FD006CED5C /* Settings.plist in Resources */ = {isa = PBXBuildFile; fileRef = BDE9B8CC15D979FD006CED5C /* Settings.plist */; };
		BDEB8A3915E7EBA100BC8213 /* 001.011.001.001.Nostre_Dame.mp3 in Resources */ = {isa = PBXBuildFile; fileRef = BDEB8A3815E7EBA100BC8213 /* 001.011.001.001.Nostre_Dame.mp3 */; };
		BDEB8A3B15E7EBBF00BC8213 /* 003.011.001.001.Machaut.jpg in Resources */ = {isa = PBXBuildFile; fileRef = BDEB8A3A15E7EBBF00BC8213 /* 003.011.001.001.Machaut.jpg */; };
/* End PBXBuildFile section */

/* Begin PBXContainerItemProxy section */
		BDC3B10915CECFE7000B8B8E /* PBXContainerItemProxy */ = {
			isa = PBXContainerItemProxy;
			containerPortal = BDC3B0D815CECFE6000B8B8E /* Project object */;
			proxyType = 1;
			remoteGlobalIDString = BDC3B0E015CECFE6000B8B8E;
			remoteInfo = Quiz;
		};
/* End PBXContainerItemProxy section */

/* Begin PBXFileReference section */
		BD229D1615D6584800F6C838 /* Kirche_288.jpg */ = {isa = PBXFileReference; lastKnownFileType = image.jpeg; path = Kirche_288.jpg; sourceTree = "<group>"; };
		BD229D1A15D6A5DC00F6C838 /* rechtsicon.png */ = {isa = PBXFileReference; lastKnownFileType = image.png; name = rechtsicon.png; path = "../../../../../Downloads/ Safari/2012/green_globe_right_arrow_559-1/rechtsicon.png"; sourceTree = "<group>"; };
		BD229D1C15D6AB4500F6C838 /* homeicon.png */ = {isa = PBXFileReference; lastKnownFileType = image.png; path = homeicon.png; sourceTree = "<group>"; };
		BD229D1E15D6AB5A00F6C838 /* officon.png */ = {isa = PBXFileReference; lastKnownFileType = image.png; path = officon.png; sourceTree = "<group>"; };
		BD229D2015D6AB6A00F6C838 /* pauseicon.png */ = {isa = PBXFileReference; lastKnownFileType = image.png; path = pauseicon.png; sourceTree = "<group>"; };
		BD229D2215D6ABA700F6C838 /* backtostarticon.png */ = {isa = PBXFileReference; lastKnownFileType = image.png; path = backtostarticon.png; sourceTree = "<group>"; };
		BD229D2415D6AC8700F6C838 /* playicon.png */ = {isa = PBXFileReference; lastKnownFileType = image.png; path = playicon.png; sourceTree = "<group>"; };
		BD81E48915DFAFB3002DA77C /* choricon.icns */ = {isa = PBXFileReference; lastKnownFileType = image.icns; path = choricon.icns; sourceTree = "<group>"; };
		BD85FF1015DA8C40002C2FB1 /* kalender.gif */ = {isa = PBXFileReference; lastKnownFileType = image.gif; path = kalender.gif; sourceTree = "<group>"; };
		BD85FF1215DA9224002C2FB1 /* kalender_hg.psd */ = {isa = PBXFileReference; lastKnownFileType = file; path = kalender_hg.psd; sourceTree = "<group>"; };
		BD85FF1415DA923B002C2FB1 /* kalender.psd */ = {isa = PBXFileReference; lastKnownFileType = file; path = kalender.psd; sourceTree = "<group>"; };
		BD85FF1615DA9366002C2FB1 /* kalender_hg.png */ = {isa = PBXFileReference; lastKnownFileType = image.png; path = kalender_hg.png; sourceTree = "<group>"; };
		BD85FF1C15DAA3D2002C2FB1 /* 001.006.001.001.Magnifikat.mp3 */ = {isa = PBXFileReference; lastKnownFileType = audio.mp3; path = 001.006.001.001.Magnifikat.mp3; sourceTree = "<group>"; };
		BD85FF1F15DAA3EC002C2FB1 /* 003.005.001.001.Purcell.jpg */ = {isa = PBXFileReference; lastKnownFileType = image.jpeg; path = 003.005.001.001.Purcell.jpg; sourceTree = "<group>"; };
		BD85FF2015DAA3EC002C2FB1 /* 003.007.005.001.Britten.jpg */ = {isa = PBXFileReference; lastKnownFileType = image.jpeg; path = 003.007.005.001.Britten.jpg; sourceTree = "<group>"; };
		BD85FF2115DAA3EC002C2FB1 /* 003.008.001.001.Charpentier.jpg */ = {isa = PBXFileReference; lastKnownFileType = image.jpeg; path = 003.008.001.001.Charpentier.jpg; sourceTree = "<group>"; };
		BD85FF2515DAA400002C2FB1 /* 002.005.001.001.H.Purcell.jpg */ = {isa = PBXFileReference; lastKnownFileType = image.jpeg; path = 002.005.001.001.H.Purcell.jpg; sourceTree = "<group>"; };
		BD85FF2715DAA400002C2FB1 /* 002.007.005.001.B.Britten.jpg */ = {isa = PBXFileReference; lastKnownFileType = image.jpeg; path = 002.007.005.001.B.Britten.jpg; sourceTree = "<group>"; };
		BD85FF2815DAA400002C2FB1 /* 002.008.002.001.M.A.Charpentier.jpg */ = {isa = PBXFileReference; lastKnownFileType = image.jpeg; path = 002.008.002.001.M.A.Charpentier.jpg; sourceTree = "<group>"; };
		BD85FF2D15DAA4CE002C2FB1 /* 003.006.001.001.Schütz.jpg */ = {isa = PBXFileReference; lastKnownFileType = image.jpeg; path = "003.006.001.001.Schütz.jpg"; sourceTree = "<group>"; };
		BD932A2B15D5059B0057449D /* fragen.txt */ = {isa = PBXFileReference; fileEncoding = 4; lastKnownFileType = text; path = fragen.txt; sourceTree = "<group>"; };
		BDAD56C115E7EFBD0032C5C0 /* 002.011.001.001.G.Machaut.jpg */ = {isa = PBXFileReference; lastKnownFileType = image.jpeg; path = 002.011.001.001.G.Machaut.jpg; sourceTree = "<group>"; };
		BDAF25AF15DD45B600FC1305 /* 004.004.004.001.Romantik.jpg */ = {isa = PBXFileReference; lastKnownFileType = image.jpeg; path = 004.004.004.001.Romantik.jpg; sourceTree = "<group>"; };
		BDAF25B115DD476900FC1305 /* 002.006.001.001.H.Schütz.jpg */ = {isa = PBXFileReference; lastKnownFileType = image.jpeg; path = "002.006.001.001.H.Schütz.jpg"; sourceTree = "<group>"; };
		BDAF25C615DF81EC00FC1305 /* rTastenMatrix.h */ = {isa = PBXFileReference; fileEncoding = 4; lastKnownFileType = sourcecode.c.h; path = rTastenMatrix.h; sourceTree = "<group>"; };
		BDAF25C715DF81EC00FC1305 /* rTastenMatrix.m */ = {isa = PBXFileReference; fileEncoding = 4; lastKnownFileType = sourcecode.c.objc; path = rTastenMatrix.m; sourceTree = "<group>"; };
		BDB54FCA15CEDB05000EAC22 /* QTKit.framework */ = {isa = PBXFileReference; lastKnownFileType = wrapper.framework; name = QTKit.framework; path = ../../../../../../System/Library/Frameworks/QTKit.framework; sourceTree = "<group>"; };
		BDB54FD815CEDEAD000EAC22 /* 001.001.002.001.Courante.m4a */ = {isa = PBXFileReference; lastKnownFileType = file; path = 001.001.002.001.Courante.m4a; sourceTree = "<group>"; };
		BDB54FD915CEDEAD000EAC22 /* 001.002.003.001.Allegro.m4a */ = {isa = PBXFileReference; lastKnownFileType = file; path = 001.002.003.001.Allegro.m4a; sourceTree = "<group>"; };
		BDB54FE215CEDEBA000EAC22 /* 003.001.002.001.Bach.jpg */ = {isa = PBXFileReference; lastKnownFileType = image.jpeg; path = 003.001.002.001.Bach.jpg; sourceTree = "<group>"; };
		BDB54FE315CEDEBA000EAC22 /* 003.002.003.001.Mozart.jpg */ = {isa = PBXFileReference; lastKnownFileType = image.jpeg; path = 003.002.003.001.Mozart.jpg; sourceTree = "<group>"; };
		BDB54FE415CEDEBA000EAC22 /* 003.003.004.001.Paganini.jpg */ = {isa = PBXFileReference; lastKnownFileType = image.jpeg; path = 003.003.004.001.Paganini.jpg; sourceTree = "<group>"; };
		BDB54FEB15CEE917000EAC22 /* Eingang.jpg */ = {isa = PBXFileReference; lastKnownFileType = image.jpeg; path = Eingang.jpg; sourceTree = "<group>"; };
		BDB54FEC15CEE917000EAC22 /* Kirche.jpg */ = {isa = PBXFileReference; lastKnownFileType = image.jpeg; path = Kirche.jpg; sourceTree = "<group>"; };
		BDB54FF415CEF01A000EAC22 /* 001.003.004.001.Capricio.mp3 */ = {isa = PBXFileReference; lastKnownFileType = audio.mp3; path = 001.003.004.001.Capricio.mp3; sourceTree = "<group>"; };
		BDB5502215D02639000EAC22 /* 002.001.002.001.Joh.Seb.Bach.jpg */ = {isa = PBXFileReference; lastKnownFileType = image.jpeg; path = 002.001.002.001.Joh.Seb.Bach.jpg; sourceTree = "<group>"; };
		BDB5502315D02639000EAC22 /* 002.002.003.001.W.A.Mozart.jpg */ = {isa = PBXFileReference; lastKnownFileType = image.jpeg; path = 002.002.003.001.W.A.Mozart.jpg; sourceTree = "<group>"; };
		BDB5502415D02639000EAC22 /* 002.003.004.001.N.Paganini.jpg */ = {isa = PBXFileReference; lastKnownFileType = image.jpeg; path = 002.003.004.001.N.Paganini.jpg; sourceTree = "<group>"; };
		BDB64D9715E002F60006F57F /* rSettingsWindowController.h */ = {isa = PBXFileReference; fileEncoding = 4; lastKnownFileType = sourcecode.c.h; path = rSettingsWindowController.h; sourceTree = "<group>"; };
		BDB64D9815E002F60006F57F /* rSettingsWindowController.m */ = {isa = PBXFileReference; fileEncoding = 4; lastKnownFileType = sourcecode.c.objc; path = rSettingsWindowController.m; sourceTree = "<group>"; };
		BDB64D9915E002F60006F57F /* Settings.xib */ = {isa = PBXFileReference; fileEncoding = 4; lastKnownFileType = file.xib; path = Settings.xib; sourceTree = "<group>"; };
		BDB64D9C15E004570006F57F /* Ergebnis.xib */ = {isa = PBXFileReference; fileEncoding = 4; lastKnownFileType = file.xib; path = Ergebnis.xib; sourceTree = "<group>"; };
		BDB64D9E15E004650006F57F /* rErgebnisWindowController.h */ = {isa = PBXFileReference; fileEncoding = 4; lastKnownFileType = sourcecode.c.h; path = rErgebnisWindowController.h; sourceTree = "<group>"; };
		BDB64D9F15E004650006F57F /* rErgebnisWindowController.m */ = {isa = PBXFileReference; fileEncoding = 4; lastKnownFileType = sourcecode.c.objc; path = rErgebnisWindowController.m; sourceTree = "<group>"; };
		BDB64DAE15E106C50006F57F /* deleteicon.png */ = {isa = PBXFileReference; lastKnownFileType = image.png; path = deleteicon.png; sourceTree = "<group>"; };
		BDB64DB015E106D30006F57F /* erroricon.png */ = {isa = PBXFileReference; lastKnownFileType = image.png; path = erroricon.png; sourceTree = "<group>"; };
		BDB64DB215E109210006F57F /* checkicon.png */ = {isa = PBXFileReference; lastKnownFileType = image.png; path = checkicon.png; sourceTree = "<group>"; };
		BDC3B0E115CECFE6000B8B8E /* Quiz.app */ = {isa = PBXFileReference; explicitFileType = wrapper.application; includeInIndex = 0; path = Quiz.app; sourceTree = BUILT_PRODUCTS_DIR; };
		BDC3B0E515CECFE6000B8B8E /* Cocoa.framework */ = {isa = PBXFileReference; lastKnownFileType = wrapper.framework; name = Cocoa.framework; path = System/Library/Frameworks/Cocoa.framework; sourceTree = SDKROOT; };
		BDC3B0E815CECFE6000B8B8E /* AppKit.framework */ = {isa = PBXFileReference; lastKnownFileType = wrapper.framework; name = AppKit.framework; path = System/Library/Frameworks/AppKit.framework; sourceTree = SDKROOT; };
		BDC3B0E915CECFE6000B8B8E /* CoreData.framework */ = {isa = PBXFileReference; lastKnownFileType = wrapper.framework; name = CoreData.framework; path = System/Library/Frameworks/CoreData.framework; sourceTree = SDKROOT; };
		BDC3B0EA15CECFE6000B8B8E /* Foundation.framework */ = {isa = PBXFileReference; lastKnownFileType = wrapper.framework; name = Foundation.framework; path = System/Library/Frameworks/Foundation.framework; sourceTree = SDKROOT; };
		BDC3B0ED15CECFE6000B8B8E /* Quiz-Info.plist */ = {isa = PBXFileReference; lastKnownFileType = text.plist.xml; path = "Quiz-Info.plist"; sourceTree = "<group>"; };
		BDC3B0EF15CECFE6000B8B8E /* en */ = {isa = PBXFileReference; lastKnownFileType = text.plist.strings; name = en; path = en.lproj/InfoPlist.strings; sourceTree = "<group>"; };
		BDC3B0F115CECFE6000B8B8E /* main.m */ = {isa = PBXFileReference; lastKnownFileType = sourcecode.c.objc; path = main.m; sourceTree = "<group>"; };
		BDC3B0F315CECFE6000B8B8E /* Quiz-Prefix.pch */ = {isa = PBXFileReference; lastKnownFileType = sourcecode.c.h; path = "Quiz-Prefix.pch"; sourceTree = "<group>"; };
		BDC3B0F515CECFE6000B8B8E /* en */ = {isa = PBXFileReference; lastKnownFileType = text.rtf; name = en; path = en.lproj/Credits.rtf; sourceTree = "<group>"; };
		BDC3B0F715CECFE6000B8B8E /* AppDelegate.h */ = {isa = PBXFileReference; lastKnownFileType = sourcecode.c.h; path = AppDelegate.h; sourceTree = "<group>"; };
		BDC3B0F815CECFE7000B8B8E /* AppDelegate.m */ = {isa = PBXFileReference; lastKnownFileType = sourcecode.c.objc; lineEnding = 0; path = AppDelegate.m; sourceTree = "<group>"; xcLanguageSpecificationIdentifier = xcode.lang.objc; };
		BDC3B0FB15CECFE7000B8B8E /* en */ = {isa = PBXFileReference; lastKnownFileType = file.xib; name = en; path = en.lproj/MainMenu.xib; sourceTree = "<group>"; };
		BDC3B0FE15CECFE7000B8B8E /* Quiz.xcdatamodel */ = {isa = PBXFileReference; lastKnownFileType = wrapper.xcdatamodel; path = Quiz.xcdatamodel; sourceTree = "<group>"; };
		BDC3B10515CECFE7000B8B8E /* QuizTests.octest */ = {isa = PBXFileReference; explicitFileType = wrapper.cfbundle; includeInIndex = 0; path = QuizTests.octest; sourceTree = BUILT_PRODUCTS_DIR; };
		BDC3B10615CECFE7000B8B8E /* SenTestingKit.framework */ = {isa = PBXFileReference; lastKnownFileType = wrapper.framework; name = SenTestingKit.framework; path = Library/Frameworks/SenTestingKit.framework; sourceTree = DEVELOPER_DIR; };
		BDC3B10D15CECFE7000B8B8E /* QuizTests-Info.plist */ = {isa = PBXFileReference; lastKnownFileType = text.plist.xml; path = "QuizTests-Info.plist"; sourceTree = "<group>"; };
		BDC3B10F15CECFE7000B8B8E /* en */ = {isa = PBXFileReference; lastKnownFileType = text.plist.strings; name = en; path = en.lproj/InfoPlist.strings; sourceTree = "<group>"; };
		BDC3B11115CECFE7000B8B8E /* QuizTests.h */ = {isa = PBXFileReference; lastKnownFileType = sourcecode.c.h; path = QuizTests.h; sourceTree = "<group>"; };
		BDC3B11215CECFE7000B8B8E /* QuizTests.m */ = {isa = PBXFileReference; lastKnownFileType = sourcecode.c.objc; path = QuizTests.m; sourceTree = "<group>"; };
		BDE9B89A15D6BB9A006CED5C /* 004.001.001.001.Renaissance.jpg */ = {isa = PBXFileReference; lastKnownFileType = image.jpeg; path = 004.001.001.001.Renaissance.jpg; sourceTree = "<group>"; };
		BDE9B89B15D6BB9A006CED5C /* 004.002.002.001.Barock.jpg */ = {isa = PBXFileReference; lastKnownFileType = image.jpeg; path = 004.002.002.001.Barock.jpg; sourceTree = "<group>"; };
		BDE9B89C15D6BB9A006CED5C /* 004.003.003.001.Klassik.jpg */ = {isa = PBXFileReference; lastKnownFileType = image.jpeg; path = 004.003.003.001.Klassik.jpg; sourceTree = "<group>"; };
		BDE9B89E15D6BB9A006CED5C /* 004.005.005.001.Moderne.jpg */ = {isa = PBXFileReference; lastKnownFileType = image.jpeg; path = 004.005.005.001.Moderne.jpg; sourceTree = "<group>"; };
		BDE9B8A715D77F8E006CED5C /* blankicon.png */ = {isa = PBXFileReference; lastKnownFileType = image.png; path = blankicon.png; sourceTree = "<group>"; };
		BDE9B8A915D77FED006CED5C /* okicon.png */ = {isa = PBXFileReference; lastKnownFileType = image.png; path = okicon.png; sourceTree = "<group>"; };
		BDE9B8AB15D78EAB006CED5C /* rRadioMatrix.h */ = {isa = PBXFileReference; fileEncoding = 4; lastKnownFileType = sourcecode.c.h; path = rRadioMatrix.h; sourceTree = "<group>"; };
		BDE9B8AC15D78EAB006CED5C /* rRadioMatrix.m */ = {isa = PBXFileReference; fileEncoding = 4; lastKnownFileType = sourcecode.c.objc; path = rRadioMatrix.m; sourceTree = "<group>"; };
		BDE9B8AE15D79D54006CED5C /* knopficon.png */ = {isa = PBXFileReference; lastKnownFileType = image.png; path = knopficon.png; sourceTree = "<group>"; };
		BDE9B8B015D7E846006CED5C /* komponieren.jpg */ = {isa = PBXFileReference; lastKnownFileType = image.jpeg; path = komponieren.jpg; sourceTree = "<group>"; };
		BDE9B8B215D7F3D2006CED5C /* 001.004.004.001.Sonata.mp3 */ = {isa = PBXFileReference; lastKnownFileType = audio.mp3; path = 001.004.004.001.Sonata.mp3; sourceTree = "<group>"; };
		BDE9B8B415D7F3DE006CED5C /* 002.004.004.001.F.Schubert.jpg */ = {isa = PBXFileReference; lastKnownFileType = image.jpeg; path = 002.004.004.001.F.Schubert.jpg; sourceTree = "<group>"; };
		BDE9B8B615D7F4AC006CED5C /* 003.004.004.001.Schubert.jpg */ = {isa = PBXFileReference; lastKnownFileType = image.jpeg; path = 003.004.004.001.Schubert.jpg; sourceTree = "<group>"; };
		BDE9B8B815D7FAD2006CED5C /* linkssicon.png */ = {isa = PBXFileReference; lastKnownFileType = image.png; path = linkssicon.png; sourceTree = "<group>"; };
		BDE9B8CC15D979FD006CED5C /* Settings.plist */ = {isa = PBXFileReference; fileEncoding = 4; lastKnownFileType = text.plist.xml; path = Settings.plist; sourceTree = "<group>"; };
		BDEB8A3815E7EBA100BC8213 /* 001.011.001.001.Nostre_Dame.mp3 */ = {isa = PBXFileReference; lastKnownFileType = audio.mp3; path = 001.011.001.001.Nostre_Dame.mp3; sourceTree = "<group>"; };
		BDEB8A3A15E7EBBF00BC8213 /* 003.011.001.001.Machaut.jpg */ = {isa = PBXFileReference; lastKnownFileType = image.jpeg; path = 003.011.001.001.Machaut.jpg; sourceTree = "<group>"; };
/* End PBXFileReference section */

/* Begin PBXFrameworksBuildPhase section */
		BDC3B0DE15CECFE6000B8B8E /* Frameworks */ = {
			isa = PBXFrameworksBuildPhase;
			buildActionMask = 2147483647;
			files = (
				BDC3B0E615CECFE6000B8B8E /* Cocoa.framework in Frameworks */,
				BDB54FCB15CEDB05000EAC22 /* QTKit.framework in Frameworks */,
			);
			runOnlyForDeploymentPostprocessing = 0;
		};
		BDC3B10115CECFE7000B8B8E /* Frameworks */ = {
			isa = PBXFrameworksBuildPhase;
			buildActionMask = 2147483647;
			files = (
				BDC3B10715CECFE7000B8B8E /* SenTestingKit.framework in Frameworks */,
				BDC3B10815CECFE7000B8B8E /* Cocoa.framework in Frameworks */,
			);
			runOnlyForDeploymentPostprocessing = 0;
		};
/* End PBXFrameworksBuildPhase section */

/* Begin PBXGroup section */
		BD932A2A15D5059B0057449D /* Texte */ = {
			isa = PBXGroup;
			children = (
				BD932A2B15D5059B0057449D /* fragen.txt */,
			);
			path = Texte;
			sourceTree = SOURCE_ROOT;
		};
		BDB54FCD15CEDEA1000EAC22 /* Bilder */ = {
			isa = PBXGroup;
			children = (
				BD85FF1615DA9366002C2FB1 /* kalender_hg.png */,
				BD85FF1415DA923B002C2FB1 /* kalender.psd */,
				BD85FF1215DA9224002C2FB1 /* kalender_hg.psd */,
				BD85FF1015DA8C40002C2FB1 /* kalender.gif */,
				BDE9B8B015D7E846006CED5C /* komponieren.jpg */,
				BDE9B8AE15D79D54006CED5C /* knopficon.png */,
				BDE9B8A715D77F8E006CED5C /* blankicon.png */,
				BDE9B8A915D77FED006CED5C /* okicon.png */,
				BDB64DB215E109210006F57F /* checkicon.png */,
				BD229D2215D6ABA700F6C838 /* backtostarticon.png */,
				BDE9B8B815D7FAD2006CED5C /* linkssicon.png */,
				BD229D1A15D6A5DC00F6C838 /* rechtsicon.png */,
				BD229D1615D6584800F6C838 /* Kirche_288.jpg */,
				BDB54FEB15CEE917000EAC22 /* Eingang.jpg */,
				BDB54FEC15CEE917000EAC22 /* Kirche.jpg */,
				BDB64DAE15E106C50006F57F /* deleteicon.png */,
				BDB64DB015E106D30006F57F /* erroricon.png */,
				BD229D1C15D6AB4500F6C838 /* homeicon.png */,
				BD229D1E15D6AB5A00F6C838 /* officon.png */,
				BD229D2415D6AC8700F6C838 /* playicon.png */,
				BD229D2015D6AB6A00F6C838 /* pauseicon.png */,
				BD81E48915DFAFB3002DA77C /* choricon.icns */,
			);
			path = Bilder;
			sourceTree = SOURCE_ROOT;
		};
		BDB54FD715CEDEAD000EAC22 /* Musik */ = {
			isa = PBXGroup;
			children = (
				BDEB8A3815E7EBA100BC8213 /* 001.011.001.001.Nostre_Dame.mp3 */,
				BDB54FD815CEDEAD000EAC22 /* 001.001.002.001.Courante.m4a */,
				BDB54FD915CEDEAD000EAC22 /* 001.002.003.001.Allegro.m4a */,
				BDB54FF415CEF01A000EAC22 /* 001.003.004.001.Capricio.mp3 */,
				BDE9B8B215D7F3D2006CED5C /* 001.004.004.001.Sonata.mp3 */,
				BD85FF1C15DAA3D2002C2FB1 /* 001.006.001.001.Magnifikat.mp3 */,
			);
			path = Musik;
			sourceTree = SOURCE_ROOT;
		};
		BDB54FE115CEDEBA000EAC22 /* Noten */ = {
			isa = PBXGroup;
			children = (
				BDEB8A3A15E7EBBF00BC8213 /* 003.011.001.001.Machaut.jpg */,
				BDB54FE215CEDEBA000EAC22 /* 003.001.002.001.Bach.jpg */,
				BDB54FE315CEDEBA000EAC22 /* 003.002.003.001.Mozart.jpg */,
				BDB54FE415CEDEBA000EAC22 /* 003.003.004.001.Paganini.jpg */,
				BDE9B8B615D7F4AC006CED5C /* 003.004.004.001.Schubert.jpg */,
				BD85FF1F15DAA3EC002C2FB1 /* 003.005.001.001.Purcell.jpg */,
				BD85FF2D15DAA4CE002C2FB1 /* 003.006.001.001.Schütz.jpg */,
				BD85FF2015DAA3EC002C2FB1 /* 003.007.005.001.Britten.jpg */,
				BD85FF2115DAA3EC002C2FB1 /* 003.008.001.001.Charpentier.jpg */,
			);
			path = Noten;
			sourceTree = SOURCE_ROOT;
		};
		BDB5502115D02639000EAC22 /* Foto */ = {
			isa = PBXGroup;
			children = (
				BDAD56C115E7EFBD0032C5C0 /* 002.011.001.001.G.Machaut.jpg */,
				BDB5502215D02639000EAC22 /* 002.001.002.001.Joh.Seb.Bach.jpg */,
				BDB5502315D02639000EAC22 /* 002.002.003.001.W.A.Mozart.jpg */,
				BDB5502415D02639000EAC22 /* 002.003.004.001.N.Paganini.jpg */,
				BDE9B8B415D7F3DE006CED5C /* 002.004.004.001.F.Schubert.jpg */,
				BD85FF2515DAA400002C2FB1 /* 002.005.001.001.H.Purcell.jpg */,
				BDAF25B115DD476900FC1305 /* 002.006.001.001.H.Schütz.jpg */,
				BD85FF2715DAA400002C2FB1 /* 002.007.005.001.B.Britten.jpg */,
				BD85FF2815DAA400002C2FB1 /* 002.008.002.001.M.A.Charpentier.jpg */,
			);
			path = Foto;
			sourceTree = SOURCE_ROOT;
		};
		BDC3B0D615CECFE6000B8B8E = {
			isa = PBXGroup;
			children = (
				BDC3B0EB15CECFE6000B8B8E /* Quiz */,
				BDC3B10B15CECFE7000B8B8E /* QuizTests */,
				BDC3B0E415CECFE6000B8B8E /* Frameworks */,
				BDC3B0E215CECFE6000B8B8E /* Products */,
			);
			sourceTree = "<group>";
		};
		BDC3B0E215CECFE6000B8B8E /* Products */ = {
			isa = PBXGroup;
			children = (
				BDC3B0E115CECFE6000B8B8E /* Quiz.app */,
				BDC3B10515CECFE7000B8B8E /* QuizTests.octest */,
			);
			name = Products;
			sourceTree = "<group>";
		};
		BDC3B0E415CECFE6000B8B8E /* Frameworks */ = {
			isa = PBXGroup;
			children = (
				BDC3B0E515CECFE6000B8B8E /* Cocoa.framework */,
				BDC3B10615CECFE7000B8B8E /* SenTestingKit.framework */,
				BDC3B0E715CECFE6000B8B8E /* Other Frameworks */,
			);
			name = Frameworks;
			sourceTree = "<group>";
		};
		BDC3B0E715CECFE6000B8B8E /* Other Frameworks */ = {
			isa = PBXGroup;
			children = (
				BDB54FCA15CEDB05000EAC22 /* QTKit.framework */,
				BDC3B0E815CECFE6000B8B8E /* AppKit.framework */,
				BDC3B0E915CECFE6000B8B8E /* CoreData.framework */,
				BDC3B0EA15CECFE6000B8B8E /* Foundation.framework */,
			);
			name = "Other Frameworks";
			sourceTree = "<group>";
		};
		BDC3B0EB15CECFE6000B8B8E /* Quiz */ = {
			isa = PBXGroup;
			children = (
				BDC3B0F715CECFE6000B8B8E /* AppDelegate.h */,
				BDC3B0F815CECFE7000B8B8E /* AppDelegate.m */,
				BDC3B0FA15CECFE7000B8B8E /* MainMenu.xib */,
				BDE9B8AB15D78EAB006CED5C /* rRadioMatrix.h */,
				BDE9B8AC15D78EAB006CED5C /* rRadioMatrix.m */,
				BDAF25C615DF81EC00FC1305 /* rTastenMatrix.h */,
				BDAF25C715DF81EC00FC1305 /* rTastenMatrix.m */,
				BDB64D9715E002F60006F57F /* rSettingsWindowController.h */,
				BDB64D9815E002F60006F57F /* rSettingsWindowController.m */,
				BDB64D9915E002F60006F57F /* Settings.xib */,
				BDB64D9E15E004650006F57F /* rErgebnisWindowController.h */,
				BDB64D9F15E004650006F57F /* rErgebnisWindowController.m */,
				BDB64D9C15E004570006F57F /* Ergebnis.xib */,
				BDC3B0FD15CECFE7000B8B8E /* Quiz.xcdatamodeld */,
				BDE9B8CC15D979FD006CED5C /* Settings.plist */,
				BDC3B10C15CECFE7000B8B8E /* Supporting Files */,
				BDB54FD715CEDEAD000EAC22 /* Musik */,
				BDB5502115D02639000EAC22 /* Foto */,
				BDB54FE115CEDEBA000EAC22 /* Noten */,
				BDB54FCD15CEDEA1000EAC22 /* Bilder */,
				BDE9B89915D6BB9A006CED5C /* Epochen */,
				BD932A2A15D5059B0057449D /* Texte */,
				BDC3B0EC15CECFE6000B8B8E /* Supporting Files */,
			);
			path = Quiz;
			sourceTree = "<group>";
		};
		BDC3B0EC15CECFE6000B8B8E /* Supporting Files */ = {
			isa = PBXGroup;
			children = (
				BDC3B0ED15CECFE6000B8B8E /* Quiz-Info.plist */,
				BDC3B0EE15CECFE6000B8B8E /* InfoPlist.strings */,
				BDC3B0F115CECFE6000B8B8E /* main.m */,
				BDC3B0F315CECFE6000B8B8E /* Quiz-Prefix.pch */,
				BDC3B0F415CECFE6000B8B8E /* Credits.rtf */,
			);
			name = "Supporting Files";
			sourceTree = "<group>";
		};
		BDC3B10B15CECFE7000B8B8E /* QuizTests */ = {
			isa = PBXGroup;
			children = (
				BDC3B11115CECFE7000B8B8E /* QuizTests.h */,
				BDC3B11215CECFE7000B8B8E /* QuizTests.m */,
			);
			path = QuizTests;
			sourceTree = "<group>";
		};
		BDC3B10C15CECFE7000B8B8E /* Supporting Files */ = {
			isa = PBXGroup;
			children = (
				BDC3B10D15CECFE7000B8B8E /* QuizTests-Info.plist */,
				BDC3B10E15CECFE7000B8B8E /* InfoPlist.strings */,
			);
			name = "Supporting Files";
			path = QuizTests;
			sourceTree = SOURCE_ROOT;
		};
		BDE9B89915D6BB9A006CED5C /* Epochen */ = {
			isa = PBXGroup;
			children = (
				BDE9B89A15D6BB9A006CED5C /* 004.001.001.001.Renaissance.jpg */,
				BDE9B89B15D6BB9A006CED5C /* 004.002.002.001.Barock.jpg */,
				BDE9B89C15D6BB9A006CED5C /* 004.003.003.001.Klassik.jpg */,
				BDAF25AF15DD45B600FC1305 /* 004.004.004.001.Romantik.jpg */,
				BDE9B89E15D6BB9A006CED5C /* 004.005.005.001.Moderne.jpg */,
			);
			path = Epochen;
			sourceTree = SOURCE_ROOT;
		};
/* End PBXGroup section */

/* Begin PBXNativeTarget section */
		BDC3B0E015CECFE6000B8B8E /* Quiz */ = {
			isa = PBXNativeTarget;
			buildConfigurationList = BDC3B11615CECFE7000B8B8E /* Build configuration list for PBXNativeTarget "Quiz" */;
			buildPhases = (
				BDC3B0DD15CECFE6000B8B8E /* Sources */,
				BDC3B0DE15CECFE6000B8B8E /* Frameworks */,
				BDC3B0DF15CECFE6000B8B8E /* Resources */,
			);
			buildRules = (
			);
			dependencies = (
			);
			name = Quiz;
			productName = Quiz;
			productReference = BDC3B0E115CECFE6000B8B8E /* Quiz.app */;
			productType = "com.apple.product-type.application";
		};
		BDC3B10415CECFE7000B8B8E /* QuizTests */ = {
			isa = PBXNativeTarget;
			buildConfigurationList = BDC3B11915CECFE7000B8B8E /* Build configuration list for PBXNativeTarget "QuizTests" */;
			buildPhases = (
				BDC3B10015CECFE7000B8B8E /* Sources */,
				BDC3B10115CECFE7000B8B8E /* Frameworks */,
				BDC3B10215CECFE7000B8B8E /* Resources */,
				BDC3B10315CECFE7000B8B8E /* ShellScript */,
			);
			buildRules = (
			);
			dependencies = (
				BDC3B10A15CECFE7000B8B8E /* PBXTargetDependency */,
			);
			name = QuizTests;
			productName = QuizTests;
			productReference = BDC3B10515CECFE7000B8B8E /* QuizTests.octest */;
			productType = "com.apple.product-type.bundle";
		};
/* End PBXNativeTarget section */

/* Begin PBXProject section */
		BDC3B0D815CECFE6000B8B8E /* Project object */ = {
			isa = PBXProject;
			attributes = {
				LastUpgradeCheck = 0430;
			};
			buildConfigurationList = BDC3B0DB15CECFE6000B8B8E /* Build configuration list for PBXProject "Quiz" */;
			compatibilityVersion = "Xcode 3.2";
			developmentRegion = English;
			hasScannedForEncodings = 0;
			knownRegions = (
				en,
			);
			mainGroup = BDC3B0D615CECFE6000B8B8E;
			productRefGroup = BDC3B0E215CECFE6000B8B8E /* Products */;
			projectDirPath = "";
			projectRoot = "";
			targets = (
				BDC3B0E015CECFE6000B8B8E /* Quiz */,
				BDC3B10415CECFE7000B8B8E /* QuizTests */,
			);
		};
/* End PBXProject section */

/* Begin PBXResourcesBuildPhase section */
		BDC3B0DF15CECFE6000B8B8E /* Resources */ = {
			isa = PBXResourcesBuildPhase;
			buildActionMask = 2147483647;
			files = (
				BDC3B0F015CECFE6000B8B8E /* InfoPlist.strings in Resources */,
				BDC3B0F615CECFE6000B8B8E /* Credits.rtf in Resources */,
				BDC3B0FC15CECFE7000B8B8E /* MainMenu.xib in Resources */,
				BDB54FDB15CEDEAD000EAC22 /* 001.001.002.001.Courante.m4a in Resources */,
				BDB54FDD15CEDEAD000EAC22 /* 001.002.003.001.Allegro.m4a in Resources */,
				BDB54FE515CEDEBA000EAC22 /* 003.001.002.001.Bach.jpg in Resources */,
				BDB54FE715CEDEBA000EAC22 /* 003.002.003.001.Mozart.jpg in Resources */,
				BDB54FE915CEDEBA000EAC22 /* 003.003.004.001.Paganini.jpg in Resources */,
				BDB54FED15CEE917000EAC22 /* Eingang.jpg in Resources */,
				BDB54FEF15CEE917000EAC22 /* Kirche.jpg in Resources */,
				BDB54FF515CEF01A000EAC22 /* 001.003.004.001.Capricio.mp3 in Resources */,
				BDB5502815D02639000EAC22 /* 002.001.002.001.Joh.Seb.Bach.jpg in Resources */,
				BDB5502915D02639000EAC22 /* 002.002.003.001.W.A.Mozart.jpg in Resources */,
				BDB5502A15D02639000EAC22 /* 002.003.004.001.N.Paganini.jpg in Resources */,
				BD932A2C15D5059B0057449D /* fragen.txt in Resources */,
				BD229D1715D6584800F6C838 /* Kirche_288.jpg in Resources */,
				BD229D1B15D6A5DC00F6C838 /* rechtsicon.png in Resources */,
				BD229D1D15D6AB4500F6C838 /* homeicon.png in Resources */,
				BD229D1F15D6AB5A00F6C838 /* officon.png in Resources */,
				BD229D2115D6AB6A00F6C838 /* pauseicon.png in Resources */,
				BD229D2315D6ABA800F6C838 /* backtostarticon.png in Resources */,
				BD229D2515D6AC8700F6C838 /* playicon.png in Resources */,
				BDE9B89F15D6BB9A006CED5C /* 004.001.001.001.Renaissance.jpg in Resources */,
				BDE9B8A015D6BB9A006CED5C /* 004.002.002.001.Barock.jpg in Resources */,
				BDE9B8A115D6BB9A006CED5C /* 004.003.003.001.Klassik.jpg in Resources */,
				BDE9B8A315D6BB9A006CED5C /* 004.005.005.001.Moderne.jpg in Resources */,
				BDE9B8A815D77F8E006CED5C /* blankicon.png in Resources */,
				BDE9B8AA15D77FED006CED5C /* okicon.png in Resources */,
				BDE9B8AF15D79D54006CED5C /* knopficon.png in Resources */,
				BDE9B8B115D7E846006CED5C /* komponieren.jpg in Resources */,
				BDE9B8B315D7F3D2006CED5C /* 001.004.004.001.Sonata.mp3 in Resources */,
				BDE9B8B515D7F3DE006CED5C /* 002.004.004.001.F.Schubert.jpg in Resources */,
				BDE9B8B715D7F4AC006CED5C /* 003.004.004.001.Schubert.jpg in Resources */,
				BDE9B8B915D7FAD2006CED5C /* linkssicon.png in Resources */,
				BDE9B8CD15D979FD006CED5C /* Settings.plist in Resources */,
				BD85FF1115DA8C40002C2FB1 /* kalender.gif in Resources */,
				BD85FF1715DA9366002C2FB1 /* kalender_hg.png in Resources */,
				BD85FF1D15DAA3D2002C2FB1 /* 001.006.001.001.Magnifikat.mp3 in Resources */,
				BD85FF2215DAA3EC002C2FB1 /* 003.005.001.001.Purcell.jpg in Resources */,
				BD85FF2315DAA3EC002C2FB1 /* 003.007.005.001.Britten.jpg in Resources */,
				BD85FF2415DAA3EC002C2FB1 /* 003.008.001.001.Charpentier.jpg in Resources */,
				BD85FF2915DAA400002C2FB1 /* 002.005.001.001.H.Purcell.jpg in Resources */,
				BD85FF2B15DAA400002C2FB1 /* 002.007.005.001.B.Britten.jpg in Resources */,
				BD85FF2C15DAA400002C2FB1 /* 002.008.002.001.M.A.Charpentier.jpg in Resources */,
				BD85FF2E15DAA4CE002C2FB1 /* 003.006.001.001.Schütz.jpg in Resources */,
				BDAF25B015DD45B600FC1305 /* 004.004.004.001.Romantik.jpg in Resources */,
				BDAF25B215DD476900FC1305 /* 002.006.001.001.H.Schütz.jpg in Resources */,
				BD81E48A15DFAFB3002DA77C /* choricon.icns in Resources */,
				BDB64D9B15E002F60006F57F /* Settings.xib in Resources */,
				BDB64D9D15E004570006F57F /* Ergebnis.xib in Resources */,
				BDB64DAF15E106C50006F57F /* deleteicon.png in Resources */,
				BDB64DB115E106D30006F57F /* erroricon.png in Resources */,
				BDB64DB315E109210006F57F /* checkicon.png in Resources */,
				BDEB8A3915E7EBA100BC8213 /* 001.011.001.001.Nostre_Dame.mp3 in Resources */,
				BDEB8A3B15E7EBBF00BC8213 /* 003.011.001.001.Machaut.jpg in Resources */,
				BDAD56C215E7EFBD0032C5C0 /* 002.011.001.001.G.Machaut.jpg in Resources */,
			);
			runOnlyForDeploymentPostprocessing = 0;
		};
		BDC3B10215CECFE7000B8B8E /* Resources */ = {
			isa = PBXResourcesBuildPhase;
			buildActionMask = 2147483647;
			files = (
				BDC3B11015CECFE7000B8B8E /* InfoPlist.strings in Resources */,
				BDB54FDC15CEDEAD000EAC22 /* 001.001.002.001.Courante.m4a in Resources */,
				BDB54FDE15CEDEAD000EAC22 /* 001.002.003.001.Allegro.m4a in Resources */,
				BDB54FE615CEDEBA000EAC22 /* 003.001.002.001.Bach.jpg in Resources */,
				BDB54FE815CEDEBA000EAC22 /* 003.002.003.001.Mozart.jpg in Resources */,
				BDB54FEA15CEDEBA000EAC22 /* 003.003.004.001.Paganini.jpg in Resources */,
				BDB54FEE15CEE917000EAC22 /* Eingang.jpg in Resources */,
				BDB54FF015CEE917000EAC22 /* Kirche.jpg in Resources */,
				BDB54FF615CEF01A000EAC22 /* 001.003.004.001.Capricio.mp3 in Resources */,
				BD85FF1315DA9224002C2FB1 /* kalender_hg.psd in Resources */,
				BD85FF1515DA923B002C2FB1 /* kalender.psd in Resources */,
			);
			runOnlyForDeploymentPostprocessing = 0;
		};
/* End PBXResourcesBuildPhase section */

/* Begin PBXShellScriptBuildPhase section */
		BDC3B10315CECFE7000B8B8E /* ShellScript */ = {
			isa = PBXShellScriptBuildPhase;
			buildActionMask = 2147483647;
			files = (
			);
			inputPaths = (
			);
			outputPaths = (
			);
			runOnlyForDeploymentPostprocessing = 0;
			shellPath = /bin/sh;
			shellScript = "# Run the unit tests in this test bundle.\n\"${SYSTEM_DEVELOPER_DIR}/Tools/RunUnitTests\"\n";
		};
/* End PBXShellScriptBuildPhase section */

/* Begin PBXSourcesBuildPhase section */
		BDC3B0DD15CECFE6000B8B8E /* Sources */ = {
			isa = PBXSourcesBuildPhase;
			buildActionMask = 2147483647;
			files = (
				BDC3B0F215CECFE6000B8B8E /* main.m in Sources */,
				BDC3B0F915CECFE7000B8B8E /* AppDelegate.m in Sources */,
				BDC3B0FF15CECFE7000B8B8E /* Quiz.xcdatamodeld in Sources */,
				BDE9B8AD15D78EAB006CED5C /* rRadioMatrix.m in Sources */,
				BDAF25C815DF81EC00FC1305 /* rTastenMatrix.m in Sources */,
				BDB64D9A15E002F60006F57F /* rSettingsWindowController.m in Sources */,
				BDB64DA015E004650006F57F /* rErgebnisWindowController.m in Sources */,
			);
			runOnlyForDeploymentPostprocessing = 0;
		};
		BDC3B10015CECFE7000B8B8E /* Sources */ = {
			isa = PBXSourcesBuildPhase;
			buildActionMask = 2147483647;
			files = (
				BDC3B11315CECFE7000B8B8E /* QuizTests.m in Sources */,
			);
			runOnlyForDeploymentPostprocessing = 0;
		};
/* End PBXSourcesBuildPhase section */

/* Begin PBXTargetDependency section */
		BDC3B10A15CECFE7000B8B8E /* PBXTargetDependency */ = {
			isa = PBXTargetDependency;
			target = BDC3B0E015CECFE6000B8B8E /* Quiz */;
			targetProxy = BDC3B10915CECFE7000B8B8E /* PBXContainerItemProxy */;
		};
/* End PBXTargetDependency section */

/* Begin PBXVariantGroup section */
		BDC3B0EE15CECFE6000B8B8E /* InfoPlist.strings */ = {
			isa = PBXVariantGroup;
			children = (
				BDC3B0EF15CECFE6000B8B8E /* en */,
			);
			name = InfoPlist.strings;
			sourceTree = "<group>";
		};
		BDC3B0F415CECFE6000B8B8E /* Credits.rtf */ = {
			isa = PBXVariantGroup;
			children = (
				BDC3B0F515CECFE6000B8B8E /* en */,
			);
			name = Credits.rtf;
			sourceTree = "<group>";
		};
		BDC3B0FA15CECFE7000B8B8E /* MainMenu.xib */ = {
			isa = PBXVariantGroup;
			children = (
				BDC3B0FB15CECFE7000B8B8E /* en */,
			);
			name = MainMenu.xib;
			sourceTree = "<group>";
		};
		BDC3B10E15CECFE7000B8B8E /* InfoPlist.strings */ = {
			isa = PBXVariantGroup;
			children = (
				BDC3B10F15CECFE7000B8B8E /* en */,
			);
			name = InfoPlist.strings;
			sourceTree = "<group>";
		};
/* End PBXVariantGroup section */

/* Begin XCBuildConfiguration section */
		BDC3B11415CECFE7000B8B8E /* Debug */ = {
			isa = XCBuildConfiguration;
			buildSettings = {
				ALWAYS_SEARCH_USER_PATHS = NO;
				ARCHS = "$(ARCHS_STANDARD_32_64_BIT)";
				CLANG_ENABLE_OBJC_ARC = YES;
				COPY_PHASE_STRIP = NO;
				GCC_C_LANGUAGE_STANDARD = gnu99;
				GCC_DYNAMIC_NO_PIC = NO;
				GCC_ENABLE_OBJC_EXCEPTIONS = YES;
				GCC_OPTIMIZATION_LEVEL = 0;
				GCC_PREPROCESSOR_DEFINITIONS = (
					"DEBUG=1",
					"$(inherited)",
				);
				GCC_SYMBOLS_PRIVATE_EXTERN = NO;
				GCC_VERSION = com.apple.compilers.llvm.clang.1_0;
				GCC_WARN_64_TO_32_BIT_CONVERSION = YES;
				GCC_WARN_ABOUT_RETURN_TYPE = YES;
				GCC_WARN_UNINITIALIZED_AUTOS = YES;
				GCC_WARN_UNUSED_VARIABLE = YES;
				MACOSX_DEPLOYMENT_TARGET = 10.7;
				ONLY_ACTIVE_ARCH = YES;
				SDKROOT = macosx;
			};
			name = Debug;
		};
		BDC3B11515CECFE7000B8B8E /* Release */ = {
			isa = XCBuildConfiguration;
			buildSettings = {
				ALWAYS_SEARCH_USER_PATHS = NO;
				ARCHS = "$(ARCHS_STANDARD_32_64_BIT)";
				CLANG_ENABLE_OBJC_ARC = YES;
				COPY_PHASE_STRIP = YES;
				DEBUG_INFORMATION_FORMAT = "dwarf-with-dsym";
				GCC_C_LANGUAGE_STANDARD = gnu99;
				GCC_ENABLE_OBJC_EXCEPTIONS = YES;
				GCC_VERSION = com.apple.compilers.llvm.clang.1_0;
				GCC_WARN_64_TO_32_BIT_CONVERSION = YES;
				GCC_WARN_ABOUT_RETURN_TYPE = YES;
				GCC_WARN_UNINITIALIZED_AUTOS = YES;
				GCC_WARN_UNUSED_VARIABLE = YES;
				MACOSX_DEPLOYMENT_TARGET = 10.7;
				SDKROOT = macosx;
			};
			name = Release;
		};
		BDC3B11715CECFE7000B8B8E /* Debug */ = {
			isa = XCBuildConfiguration;
			buildSettings = {
				GCC_PRECOMPILE_PREFIX_HEADER = YES;
				GCC_PREFIX_HEADER = "Quiz/Quiz-Prefix.pch";
				INFOPLIST_FILE = "Quiz/Quiz-Info.plist";
				MACOSX_DEPLOYMENT_TARGET = 10.6;
				PRODUCT_NAME = "$(TARGET_NAME)";
				WRAPPER_EXTENSION = app;
			};
			name = Debug;
		};
		BDC3B11815CECFE7000B8B8E /* Release */ = {
			isa = XCBuildConfiguration;
			buildSettings = {
				GCC_PRECOMPILE_PREFIX_HEADER = YES;
				GCC_PREFIX_HEADER = "Quiz/Quiz-Prefix.pch";
				INFOPLIST_FILE = "Quiz/Quiz-Info.plist";
				MACOSX_DEPLOYMENT_TARGET = 10.6;
				PRODUCT_NAME = "$(TARGET_NAME)";
				WRAPPER_EXTENSION = app;
			};
			name = Release;
		};
		BDC3B11A15CECFE7000B8B8E /* Debug */ = {
			isa = XCBuildConfiguration;
			buildSettings = {
				BUNDLE_LOADER = "$(BUILT_PRODUCTS_DIR)/Quiz.app/Contents/MacOS/Quiz";
				FRAMEWORK_SEARCH_PATHS = "$(DEVELOPER_LIBRARY_DIR)/Frameworks";
				GCC_PRECOMPILE_PREFIX_HEADER = YES;
				GCC_PREFIX_HEADER = "Quiz/Quiz-Prefix.pch";
				INFOPLIST_FILE = "QuizTests/QuizTests-Info.plist";
				PRODUCT_NAME = "$(TARGET_NAME)";
				TEST_HOST = "$(BUNDLE_LOADER)";
				WRAPPER_EXTENSION = octest;
			};
			name = Debug;
		};
		BDC3B11B15CECFE7000B8B8E /* Release */ = {
			isa = XCBuildConfiguration;
			buildSettings = {
				BUNDLE_LOADER = "$(BUILT_PRODUCTS_DIR)/Quiz.app/Contents/MacOS/Quiz";
				FRAMEWORK_SEARCH_PATHS = "$(DEVELOPER_LIBRARY_DIR)/Frameworks";
				GCC_PRECOMPILE_PREFIX_HEADER = YES;
				GCC_PREFIX_HEADER = "Quiz/Quiz-Prefix.pch";
				INFOPLIST_FILE = "QuizTests/QuizTests-Info.plist";
				PRODUCT_NAME = "$(TARGET_NAME)";
				TEST_HOST = "$(BUNDLE_LOADER)";
				WRAPPER_EXTENSION = octest;
			};
			name = Release;
		};
/* End XCBuildConfiguration section */

/* Begin XCConfigurationList section */
		BDC3B0DB15CECFE6000B8B8E /* Build configuration list for PBXProject "Quiz" */ = {
			isa = XCConfigurationList;
			buildConfigurations = (
				BDC3B11415CECFE7000B8B8E /* Debug */,
				BDC3B11515CECFE7000B8B8E /* Release */,
			);
			defaultConfigurationIsVisible = 0;
			defaultConfigurationName = Release;
		};
		BDC3B11615CECFE7000B8B8E /* Build configuration list for PBXNativeTarget "Quiz" */ = {
			isa = XCConfigurationList;
			buildConfigurations = (
				BDC3B11715CECFE7000B8B8E /* Debug */,
				BDC3B11815CECFE7000B8B8E /* Release */,
			);
			defaultConfigurationIsVisible = 0;
			defaultConfigurationName = Release;
		};
		BDC3B11915CECFE7000B8B8E /* Build configuration list for PBXNativeTarget "QuizTests" */ = {
			isa = XCConfigurationList;
			buildConfigurations = (
				BDC3B11A15CECFE7000B8B8E /* Debug */,
				BDC3B11B15CECFE7000B8B8E /* Release */,
			);
			defaultConfigurationIsVisible = 0;
			defaultConfigurationName = Release;
		};
/* End XCConfigurationList section */

/* Begin XCVersionGroup section */
		BDC3B0FD15CECFE7000B8B8E /* Quiz.xcdatamodeld */ = {
			isa = XCVersionGroup;
			children = (
				BDC3B0FE15CECFE7000B8B8E /* Quiz.xcdatamodel */,
			);
			currentVersion = BDC3B0FE15CECFE7000B8B8E /* Quiz.xcdatamodel */;
			path = Quiz.xcdatamodeld;
			sourceTree = "<group>";
			versionGroupType = wrapper.xcdatamodel;
		};
/* End XCVersionGroup section */
	};
	rootObject = BDC3B0D815CECFE6000B8B8E /* Project object */;
}
